
Microsoft Visual Studio Solution File, Format Version 12.00
# Visual Studio Version 16
VisualStudioVersion = 16.0.29209.152
MinimumVisualStudioVersion = 10.0.40219.1
Project("{FAE04EC0-301F-11D3-BF4B-00C04F79EFBC}") = "Consulta_Estado_Comprobante_Pago", "Consulta_Estado_Comprobante_Pago\Consulta_Estado_Comprobante_Pago.csproj", "{81F6C198-C1BA-466D-9605-7632315056E5}"
EndProject
Project("{FAE04EC0-301F-11D3-BF4B-00C04F79EFBC}") = "ConsoleApp2", "ConsoleApp2\ConsoleApp2.csproj", "{98969736-3592-45B9-A06C-E7E65B68259A}"
EndProject
Project("{FAE04EC0-301F-11D3-BF4B-00C04F79EFBC}") = "Consulta_Masiva_Boletas_Facturas", "Consulta_Masiva_Boletas_Facturas\Consulta_Masiva_Boletas_Facturas.csproj", "{3C2128E9-113A-4007-8D5B-9D28825C6AB4}"
EndProject
Global
	GlobalSection(SolutionConfigurationPlatforms) = preSolution
		Debug|Any CPU = Debug|Any CPU
		Release|Any CPU = Release|Any CPU
	EndGlobalSection
	GlobalSection(ProjectConfigurationPlatforms) = postSolution
		{81F6C198-C1BA-466D-9605-7632315056E5}.Debug|Any CPU.ActiveCfg = Debug|Any CPU
		{81F6C198-C1BA-466D-9605-7632315056E5}.Debug|Any CPU.Build.0 = Debug|Any CPU
		{81F6C198-C1BA-466D-9605-7632315056E5}.Release|Any CPU.ActiveCfg = Release|Any CPU
		{81F6C198-C1BA-466D-9605-7632315056E5}.Release|Any CPU.Build.0 = Release|Any CPU
		{98969736-3592-45B9-A06C-E7E65B68259A}.Debug|Any CPU.ActiveCfg = Debug|Any CPU
		{98969736-3592-45B9-A06C-E7E65B68259A}.Debug|Any CPU.Build.0 = Debug|Any CPU
		{98969736-3592-45B9-A06C-E7E65B68259A}.Release|Any CPU.ActiveCfg = Release|Any CPU
		{98969736-3592-45B9-A06C-E7E65B68259A}.Release|Any CPU.Build.0 = Release|Any CPU
		{3C2128E9-113A-4007-8D5B-9D28825C6AB4}.Debug|Any CPU.ActiveCfg = Debug|Any CPU
		{3C2128E9-113A-4007-8D5B-9D28825C6AB4}.Debug|Any CPU.Build.0 = Debug|Any CPU
		{3C2128E9-113A-4007-8D5B-9D28825C6AB4}.Release|Any CPU.ActiveCfg = Release|Any CPU
		{3C2128E9-113A-4007-8D5B-9D28825C6AB4}.Release|Any CPU.Build.0 = Release|Any CPU
	EndGlobalSection
	GlobalSection(SolutionProperties) = preSolution
		HideSolutionNode = FALSE
	EndGlobalSection
	GlobalSection(ExtensibilityGlobals) = postSolution
		SolutionGuid = {347CC2F2-F3AA-4CE2-B29C-72D21D2B1309}
	EndGlobalSection
EndGlobal
